
Microsoft Visual Studio Solution File, Format Version 12.00
Project("{FAE04EC0-301F-11D3-BF4B-00C04F79EFBC}") = "CashPilot.API", "CashPilot.API\CashPilot.API.csproj", "{EC21A379-928C-4ADD-BB0F-1992E573CB17}"
EndProject
Project("{2150E333-8FDC-42A3-9474-1A3956D46DE8}") = "src", "src", "{68595A75-068C-4674-9FA3-F0BBC1C8FC0B}"
EndProject
Project("{2150E333-8FDC-42A3-9474-1A3956D46DE8}") = "Presentation", "Presentation", "{72AF3A0F-B5FC-4DEA-B821-2D752452F2C5}"
EndProject
Project("{2150E333-8FDC-42A3-9474-1A3956D46DE8}") = "Core", "Core", "{D6AB99BB-AE02-430D-8797-16267826E383}"
EndProject
Project("{FAE04EC0-301F-11D3-BF4B-00C04F79EFBC}") = "CashPilot.Domain", "CashPilot.Domain\CashPilot.Domain.csproj", "{378DECDA-3979-42A1-BE39-007FF50CC42C}"
EndProject
Project("{FAE04EC0-301F-11D3-BF4B-00C04F79EFBC}") = "CashPilot.Application", "CashPilot.Application\CashPilot.Application.csproj", "{4E1E85EC-3E2E-4C35-998C-0B4E2F13869C}"
EndProject
Project("{2150E333-8FDC-42A3-9474-1A3956D46DE8}") = "Infrastructure", "Infrastructure", "{25D3089B-6D9A-49AF-8CF4-B5E64EA2528F}"
EndProject
Project("{FAE04EC0-301F-11D3-BF4B-00C04F79EFBC}") = "CashPilot.Infrastructure", "CashPilot.Infrastructure\CashPilot.Infrastructure.csproj", "{64822946-291C-40B2-BDAF-8FF1E26C7483}"
EndProject
Global
	GlobalSection(SolutionConfigurationPlatforms) = preSolution
		Debug|Any CPU = Debug|Any CPU
		Release|Any CPU = Release|Any CPU
	EndGlobalSection
	GlobalSection(ProjectConfigurationPlatforms) = postSolution
		{EC21A379-928C-4ADD-BB0F-1992E573CB17}.Debug|Any CPU.ActiveCfg = Debug|Any CPU
		{EC21A379-928C-4ADD-BB0F-1992E573CB17}.Debug|Any CPU.Build.0 = Debug|Any CPU
		{EC21A379-928C-4ADD-BB0F-1992E573CB17}.Release|Any CPU.ActiveCfg = Release|Any CPU
		{EC21A379-928C-4ADD-BB0F-1992E573CB17}.Release|Any CPU.Build.0 = Release|Any CPU
		{378DECDA-3979-42A1-BE39-007FF50CC42C}.Debug|Any CPU.ActiveCfg = Debug|Any CPU
		{378DECDA-3979-42A1-BE39-007FF50CC42C}.Debug|Any CPU.Build.0 = Debug|Any CPU
		{378DECDA-3979-42A1-BE39-007FF50CC42C}.Release|Any CPU.ActiveCfg = Release|Any CPU
		{378DECDA-3979-42A1-BE39-007FF50CC42C}.Release|Any CPU.Build.0 = Release|Any CPU
		{4E1E85EC-3E2E-4C35-998C-0B4E2F13869C}.Debug|Any CPU.ActiveCfg = Debug|Any CPU
		{4E1E85EC-3E2E-4C35-998C-0B4E2F13869C}.Debug|Any CPU.Build.0 = Debug|Any CPU
		{4E1E85EC-3E2E-4C35-998C-0B4E2F13869C}.Release|Any CPU.ActiveCfg = Release|Any CPU
		{4E1E85EC-3E2E-4C35-998C-0B4E2F13869C}.Release|Any CPU.Build.0 = Release|Any CPU
		{64822946-291C-40B2-BDAF-8FF1E26C7483}.Debug|Any CPU.ActiveCfg = Debug|Any CPU
		{64822946-291C-40B2-BDAF-8FF1E26C7483}.Debug|Any CPU.Build.0 = Debug|Any CPU
		{64822946-291C-40B2-BDAF-8FF1E26C7483}.Release|Any CPU.ActiveCfg = Release|Any CPU
		{64822946-291C-40B2-BDAF-8FF1E26C7483}.Release|Any CPU.Build.0 = Release|Any CPU
	EndGlobalSection
	GlobalSection(NestedProjects) = preSolution
		{72AF3A0F-B5FC-4DEA-B821-2D752452F2C5} = {68595A75-068C-4674-9FA3-F0BBC1C8FC0B}
		{EC21A379-928C-4ADD-BB0F-1992E573CB17} = {72AF3A0F-B5FC-4DEA-B821-2D752452F2C5}
		{D6AB99BB-AE02-430D-8797-16267826E383} = {68595A75-068C-4674-9FA3-F0BBC1C8FC0B}
		{378DECDA-3979-42A1-BE39-007FF50CC42C} = {D6AB99BB-AE02-430D-8797-16267826E383}
		{4E1E85EC-3E2E-4C35-998C-0B4E2F13869C} = {D6AB99BB-AE02-430D-8797-16267826E383}
		{25D3089B-6D9A-49AF-8CF4-B5E64EA2528F} = {68595A75-068C-4674-9FA3-F0BBC1C8FC0B}
		{64822946-291C-40B2-BDAF-8FF1E26C7483} = {25D3089B-6D9A-49AF-8CF4-B5E64EA2528F}
	EndGlobalSection
EndGlobal
